
Microsoft Visual Studio Solution File, Format Version 12.00
# Visual Studio Version 17
VisualStudioVersion = 17.0.31903.59
MinimumVisualStudioVersion = 10.0.40219.1
Project("{2150E333-8FDC-42A3-9474-1A3956D46DE8}") = "src", "src", "{CBCC4ADE-209D-4FCD-B369-E38CBF9CBCAA}"
EndProject
Project("{2150E333-8FDC-42A3-9474-1A3956D46DE8}") = "tests", "tests", "{14801AFE-E86D-43B5-9D15-066C27CFCA09}"
EndProject
Project("{2150E333-8FDC-42A3-9474-1A3956D46DE8}") = "examples", "examples", "{FF8C1EF6-C390-4078-9F19-A1C6773F565D}"
EndProject
Project("{FAE04EC0-301F-11D3-BF4B-00C04F79EFBC}") = "Sentinel.Example.Api", "examples\Sentinel.Example.Api\Sentinel.Example.Api.csproj", "{CE80340D-0624-4612-B2BB-39A146EC6C0C}"
EndProject
Project("{9A19103F-16F7-4668-BE54-9A1E7A4F7556}") = "Sentinel.CustomMiddleware", "src\Sentinel.CustomMiddleware\Sentinel.CustomMiddleware.csproj", "{DA2C0725-EA86-4C8A-9762-FE497C2EFFAB}"
EndProject
Global
	GlobalSection(SolutionConfigurationPlatforms) = preSolution
		Debug|Any CPU = Debug|Any CPU
		Release|Any CPU = Release|Any CPU
	EndGlobalSection
	GlobalSection(ProjectConfigurationPlatforms) = postSolution
		{CE80340D-0624-4612-B2BB-39A146EC6C0C}.Debug|Any CPU.ActiveCfg = Debug|Any CPU
		{CE80340D-0624-4612-B2BB-39A146EC6C0C}.Debug|Any CPU.Build.0 = Debug|Any CPU
		{CE80340D-0624-4612-B2BB-39A146EC6C0C}.Release|Any CPU.ActiveCfg = Release|Any CPU
		{CE80340D-0624-4612-B2BB-39A146EC6C0C}.Release|Any CPU.Build.0 = Release|Any CPU
		{DA2C0725-EA86-4C8A-9762-FE497C2EFFAB}.Debug|Any CPU.ActiveCfg = Debug|Any CPU
		{DA2C0725-EA86-4C8A-9762-FE497C2EFFAB}.Debug|Any CPU.Build.0 = Debug|Any CPU
		{DA2C0725-EA86-4C8A-9762-FE497C2EFFAB}.Release|Any CPU.ActiveCfg = Release|Any CPU
		{DA2C0725-EA86-4C8A-9762-FE497C2EFFAB}.Release|Any CPU.Build.0 = Release|Any CPU
	EndGlobalSection
	GlobalSection(SolutionProperties) = preSolution
		HideSolutionNode = FALSE
	EndGlobalSection
	GlobalSection(NestedProjects) = preSolution
		{CE80340D-0624-4612-B2BB-39A146EC6C0C} = {FF8C1EF6-C390-4078-9F19-A1C6773F565D}
		{DA2C0725-EA86-4C8A-9762-FE497C2EFFAB} = {CBCC4ADE-209D-4FCD-B369-E38CBF9CBCAA}
	EndGlobalSection
	GlobalSection(ExtensibilityGlobals) = postSolution
		SolutionGuid = {630C4DBB-0D3B-4EBB-A26B-074ED207B51A}
	EndGlobalSection
EndGlobal
